// !$*UTF8*$!
{
	archiveVersion = 1;
	classes = {
	};
	objectVersion = 46;
	objects = {

/* Begin PBXBuildFile section */
		D00787AC1D139233002C13FD /* main.m in Sources */ = {isa = PBXBuildFile; fileRef = D00787AB1D139233002C13FD /* main.m */; };
		D00787AF1D139233002C13FD /* AppDelegate.m in Sources */ = {isa = PBXBuildFile; fileRef = D00787AE1D139233002C13FD /* AppDelegate.m */; };
		D00787B21D139233002C13FD /* ViewController.m in Sources */ = {isa = PBXBuildFile; fileRef = D00787B11D139233002C13FD /* ViewController.m */; };
		D00787B51D139233002C13FD /* Main.storyboard in Resources */ = {isa = PBXBuildFile; fileRef = D00787B31D139233002C13FD /* Main.storyboard */; };
		D00787B71D139233002C13FD /* Assets.xcassets in Resources */ = {isa = PBXBuildFile; fileRef = D00787B61D139233002C13FD /* Assets.xcassets */; };
		D00787BA1D139233002C13FD /* LaunchScreen.storyboard in Resources */ = {isa = PBXBuildFile; fileRef = D00787B81D139233002C13FD /* LaunchScreen.storyboard */; };
		D00787C41D13925C002C13FD /* JxbPickTool.m in Sources */ = {isa = PBXBuildFile; fileRef = D00787C31D13925C002C13FD /* JxbPickTool.m */; };
		D00787C81D13CD04002C13FD /* city.plist in Resources */ = {isa = PBXBuildFile; fileRef = D00787C71D13CD04002C13FD /* city.plist */; };
/* End PBXBuildFile section */

/* Begin PBXFileReference section */
		D00787A71D139233002C13FD /* JxbPickToolDemo.app */ = {isa = PBXFileReference; explicitFileType = wrapper.application; includeInIndex = 0; path = JxbPickToolDemo.app; sourceTree = BUILT_PRODUCTS_DIR; };
		D00787AB1D139233002C13FD /* main.m */ = {isa = PBXFileReference; lastKnownFileType = sourcecode.c.objc; lineEnding = 0; path = main.m; sourceTree = "<group>"; xcLanguageSpecificationIdentifier = xcode.lang.objc; };
		D00787AD1D139233002C13FD /* AppDelegate.h */ = {isa = PBXFileReference; lastKnownFileType = sourcecode.c.h; lineEnding = 0; path = AppDelegate.h; sourceTree = "<group>"; xcLanguageSpecificationIdentifier = xcode.lang.objcpp; };
		D00787AE1D139233002C13FD /* AppDelegate.m */ = {isa = PBXFileReference; lastKnownFileType = sourcecode.c.objc; lineEnding = 0; path = AppDelegate.m; sourceTree = "<group>"; xcLanguageSpecificationIdentifier = xcode.lang.objc; };
		D00787B01D139233002C13FD /* ViewController.h */ = {isa = PBXFileReference; lastKnownFileType = sourcecode.c.h; lineEnding = 0; path = ViewController.h; sourceTree = "<group>"; xcLanguageSpecificationIdentifier = xcode.lang.objcpp; };
		D00787B11D139233002C13FD /* ViewController.m */ = {isa = PBXFileReference; lastKnownFileType = sourcecode.c.objc; lineEnding = 0; path = ViewController.m; sourceTree = "<group>"; xcLanguageSpecificationIdentifier = xcode.lang.objc; };
		D00787B41D139233002C13FD /* Base */ = {isa = PBXFileReference; lastKnownFileType = file.storyboard; name = Base; path = Base.lproj/Main.storyboard; sourceTree = "<group>"; };
		D00787B61D139233002C13FD /* Assets.xcassets */ = {isa = PBXFileReference; lastKnownFileType = folder.assetcatalog; path = Assets.xcassets; sourceTree = "<group>"; };
		D00787B91D139233002C13FD /* Base */ = {isa = PBXFileReference; lastKnownFileType = file.storyboard; name = Base; path = Base.lproj/LaunchScreen.storyboard; sourceTree = "<group>"; };
		D00787BB1D139233002C13FD /* Info.plist */ = {isa = PBXFileReference; lastKnownFileType = text.plist.xml; path = Info.plist; sourceTree = "<group>"; };
		D00787C21D13925C002C13FD /* JxbPickTool.h */ = {isa = PBXFileReference; fileEncoding = 4; lastKnownFileType = sourcecode.c.h; lineEnding = 0; path = JxbPickTool.h; sourceTree = "<group>"; xcLanguageSpecificationIdentifier = xcode.lang.objcpp; };
		D00787C31D13925C002C13FD /* JxbPickTool.m */ = {isa = PBXFileReference; fileEncoding = 4; lastKnownFileType = sourcecode.c.objc; lineEnding = 0; path = JxbPickTool.m; sourceTree = "<group>"; xcLanguageSpecificationIdentifier = xcode.lang.objc; };
		D00787C71D13CD04002C13FD /* city.plist */ = {isa = PBXFileReference; fileEncoding = 4; lastKnownFileType = text.plist.xml; path = city.plist; sourceTree = "<group>"; };
/* End PBXFileReference section */

/* Begin PBXFrameworksBuildPhase section */
		D00787A41D139233002C13FD /* Frameworks */ = {
			isa = PBXFrameworksBuildPhase;
			buildActionMask = 2147483647;
			files = (
			);
			runOnlyForDeploymentPostprocessing = 0;
		};
/* End PBXFrameworksBuildPhase section */

/* Begin PBXGroup section */
		D007879E1D139233002C13FD = {
			isa = PBXGroup;
			children = (
				D00787A91D139233002C13FD /* JxbPickToolDemo */,
				D00787A81D139233002C13FD /* Products */,
			);
			sourceTree = "<group>";
		};
		D00787A81D139233002C13FD /* Products */ = {
			isa = PBXGroup;
			children = (
				D00787A71D139233002C13FD /* JxbPickToolDemo.app */,
			);
			name = Products;
			sourceTree = "<group>";
		};
		D00787A91D139233002C13FD /* JxbPickToolDemo */ = {
			isa = PBXGroup;
			children = (
				D00787C11D139243002C13FD /* JxbPickTool */,
				D00787AD1D139233002C13FD /* AppDelegate.h */,
				D00787AE1D139233002C13FD /* AppDelegate.m */,
				D00787B01D139233002C13FD /* ViewController.h */,
				D00787B11D139233002C13FD /* ViewController.m */,
				D00787B31D139233002C13FD /* Main.storyboard */,
				D00787B61D139233002C13FD /* Assets.xcassets */,
				D00787B81D139233002C13FD /* LaunchScreen.storyboard */,
				D00787BB1D139233002C13FD /* Info.plist */,
				D00787AA1D139233002C13FD /* Supporting Files */,
			);
			path = JxbPickToolDemo;
			sourceTree = "<group>";
		};
		D00787AA1D139233002C13FD /* Supporting Files */ = {
			isa = PBXGroup;
			children = (
				D00787C71D13CD04002C13FD /* city.plist */,
				D00787AB1D139233002C13FD /* main.m */,
			);
			name = "Supporting Files";
			sourceTree = "<group>";
		};
		D00787C11D139243002C13FD /* JxbPickTool */ = {
			isa = PBXGroup;
			children = (
				D00787C21D13925C002C13FD /* JxbPickTool.h */,
				D00787C31D13925C002C13FD /* JxbPickTool.m */,
			);
			path = JxbPickTool;
			sourceTree = "<group>";
		};
/* End PBXGroup section */

/* Begin PBXNativeTarget section */
		D00787A61D139233002C13FD /* JxbPickToolDemo */ = {
			isa = PBXNativeTarget;
			buildConfigurationList = D00787BE1D139233002C13FD /* Build configuration list for PBXNativeTarget "JxbPickToolDemo" */;
			buildPhases = (
				D00787A31D139233002C13FD /* Sources */,
				D00787A41D139233002C13FD /* Frameworks */,
				D00787A51D139233002C13FD /* Resources */,
			);
			buildRules = (
			);
			dependencies = (
			);
			name = JxbPickToolDemo;
			productName = JxbPickToolDemo;
			productReference = D00787A71D139233002C13FD /* JxbPickToolDemo.app */;
			productType = "com.apple.product-type.application";
		};
/* End PBXNativeTarget section */

/* Begin PBXProject section */
		D007879F1D139233002C13FD /* Project object */ = {
			isa = PBXProject;
			attributes = {
				LastUpgradeCheck = 0730;
				ORGANIZATIONNAME = Peter;
				TargetAttributes = {
					D00787A61D139233002C13FD = {
						CreatedOnToolsVersion = 7.3;
					};
				};
			};
			buildConfigurationList = D00787A21D139233002C13FD /* Build configuration list for PBXProject "JxbPickToolDemo" */;
			compatibilityVersion = "Xcode 3.2";
			developmentRegion = English;
			hasScannedForEncodings = 0;
			knownRegions = (
				en,
				Base,
			);
			mainGroup = D007879E1D139233002C13FD;
			productRefGroup = D00787A81D139233002C13FD /* Products */;
			projectDirPath = "";
			projectRoot = "";
			targets = (
				D00787A61D139233002C13FD /* JxbPickToolDemo */,
			);
		};
/* End PBXProject section */

/* Begin PBXResourcesBuildPhase section */
		D00787A51D139233002C13FD /* Resources */ = {
			isa = PBXResourcesBuildPhase;
			buildActionMask = 2147483647;
			files = (
				D00787BA1D139233002C13FD /* LaunchScreen.storyboard in Resources */,
				D00787C81D13CD04002C13FD /* city.plist in Resources */,
				D00787B71D139233002C13FD /* Assets.xcassets in Resources */,
				D00787B51D139233002C13FD /* Main.storyboard in Resources */,
			);
			runOnlyForDeploymentPostprocessing = 0;
		};
/* End PBXResourcesBuildPhase section */

/* Begin PBXSourcesBuildPhase section */
		D00787A31D139233002C13FD /* Sources */ = {
			isa = PBXSourcesBuildPhase;
			buildActionMask = 2147483647;
			files = (
				D00787B21D139233002C13FD /* ViewController.m in Sources */,
				D00787C41D13925C002C13FD /* JxbPickTool.m in Sources */,
				D00787AF1D139233002C13FD /* AppDelegate.m in Sources */,
				D00787AC1D139233002C13FD /* main.m in Sources */,
			);
			runOnlyForDeploymentPostprocessing = 0;
		};
/* End PBXSourcesBuildPhase section */

/* Begin PBXVariantGroup section */
		D00787B31D139233002C13FD /* Main.storyboard */ = {
			isa = PBXVariantGroup;
			children = (
				D00787B41D139233002C13FD /* Base */,
			);
			name = Main.storyboard;
			sourceTree = "<group>";
		};
		D00787B81D139233002C13FD /* LaunchScreen.storyboard */ = {
			isa = PBXVariantGroup;
			children = (
				D00787B91D139233002C13FD /* Base */,
			);
			name = LaunchScreen.storyboard;
			sourceTree = "<group>";
		};
/* End PBXVariantGroup section */

/* Begin XCBuildConfiguration section */
		D00787BC1D139233002C13FD /* Debug */ = {
			isa = XCBuildConfiguration;
			buildSettings = {
				ALWAYS_SEARCH_USER_PATHS = NO;
				CLANG_ANALYZER_NONNULL = YES;
				CLANG_CXX_LANGUAGE_STANDARD = "gnu++0x";
				CLANG_CXX_LIBRARY = "libc++";
				CLANG_ENABLE_MODULES = YES;
				CLANG_ENABLE_OBJC_ARC = YES;
				CLANG_WARN_BOOL_CONVERSION = YES;
				CLANG_WARN_CONSTANT_CONVERSION = YES;
				CLANG_WARN_DIRECT_OBJC_ISA_USAGE = YES_ERROR;
				CLANG_WARN_EMPTY_BODY = YES;
				CLANG_WARN_ENUM_CONVERSION = YES;
				CLANG_WARN_INT_CONVERSION = YES;
				CLANG_WARN_OBJC_ROOT_CLASS = YES_ERROR;
				CLANG_WARN_UNREACHABLE_CODE = YES;
				CLANG_WARN__DUPLICATE_METHOD_MATCH = YES;
				"CODE_SIGN_IDENTITY[sdk=iphoneos*]" = "iPhone Developer";
				COPY_PHASE_STRIP = NO;
				DEBUG_INFORMATION_FORMAT = dwarf;
				ENABLE_STRICT_OBJC_MSGSEND = YES;
				ENABLE_TESTABILITY = YES;
				GCC_C_LANGUAGE_STANDARD = gnu99;
				GCC_DYNAMIC_NO_PIC = NO;
				GCC_NO_COMMON_BLOCKS = YES;
				GCC_OPTIMIZATION_LEVEL = 0;
				GCC_PREPROCESSOR_DEFINITIONS = (
					"DEBUG=1",
					"$(inherited)",
				);
				GCC_WARN_64_TO_32_BIT_CONVERSION = YES;
				GCC_WARN_ABOUT_RETURN_TYPE = YES_ERROR;
				GCC_WARN_UNDECLARED_SELECTOR = YES;
				GCC_WARN_UNINITIALIZED_AUTOS = YES_AGGRESSIVE;
				GCC_WARN_UNUSED_FUNCTION = YES;
				GCC_WARN_UNUSED_VARIABLE = YES;
				IPHONEOS_DEPLOYMENT_TARGET = 9.3;
				MTL_ENABLE_DEBUG_INFO = YES;
				ONLY_ACTIVE_ARCH = YES;
				SDKROOT = iphoneos;
			};
			name = Debug;
		};
		D00787BD1D139233002C13FD /* Release */ = {
			isa = XCBuildConfiguration;
			buildSettings = {
				ALWAYS_SEARCH_USER_PATHS = NO;
				CLANG_ANALYZER_NONNULL = YES;
				CLANG_CXX_LANGUAGE_STANDARD = "gnu++0x";
				CLANG_CXX_LIBRARY = "libc++";
				CLANG_ENABLE_MODULES = YES;
				CLANG_ENABLE_OBJC_ARC = YES;
				CLANG_WARN_BOOL_CONVERSION = YES;
				CLANG_WARN_CONSTANT_CONVERSION = YES;
				CLANG_WARN_DIRECT_OBJC_ISA_USAGE = YES_ERROR;
				CLANG_WARN_EMPTY_BODY = YES;
				CLANG_WARN_ENUM_CONVERSION = YES;
				CLANG_WARN_INT_CONVERSION = YES;
				CLANG_WARN_OBJC_ROOT_CLASS = YES_ERROR;
				CLANG_WARN_UNREACHABLE_CODE = YES;
				CLANG_WARN__DUPLICATE_METHOD_MATCH = YES;
				"CODE_SIGN_IDENTITY[sdk=iphoneos*]" = "iPhone Developer";
				COPY_PHASE_STRIP = NO;
				DEBUG_INFORMATION_FORMAT = "dwarf-with-dsym";
				ENABLE_NS_ASSERTIONS = NO;
				ENABLE_STRICT_OBJC_MSGSEND = YES;
				GCC_C_LANGUAGE_STANDARD = gnu99;
				GCC_NO_COMMON_BLOCKS = YES;
				GCC_WARN_64_TO_32_BIT_CONVERSION = YES;
				GCC_WARN_ABOUT_RETURN_TYPE = YES_ERROR;
				GCC_WARN_UNDECLARED_SELECTOR = YES;
				GCC_WARN_UNINITIALIZED_AUTOS = YES_AGGRESSIVE;
				GCC_WARN_UNUSED_FUNCTION = YES;
				GCC_WARN_UNUSED_VARIABLE = YES;
				IPHONEOS_DEPLOYMENT_TARGET = 9.3;
				MTL_ENABLE_DEBUG_INFO = NO;
				SDKROOT = iphoneos;
				VALIDATE_PRODUCT = YES;
			};
			name = Release;
		};
		D00787BF1D139233002C13FD /* Debug */ = {
			isa = XCBuildConfiguration;
			buildSettings = {
				ASSETCATALOG_COMPILER_APPICON_NAME = AppIcon;
				INFOPLIST_FILE = JxbPickToolDemo/Info.plist;
				LD_RUNPATH_SEARCH_PATHS = "$(inherited) @executable_path/Frameworks";
				PRODUCT_BUNDLE_IDENTIFIER = name.Jxb.JxbPickToolDemo;
				PRODUCT_NAME = "$(TARGET_NAME)";
			};
			name = Debug;
		};
		D00787C01D139233002C13FD /* Release */ = {
			isa = XCBuildConfiguration;
			buildSettings = {
				ASSETCATALOG_COMPILER_APPICON_NAME = AppIcon;
				INFOPLIST_FILE = JxbPickToolDemo/Info.plist;
				LD_RUNPATH_SEARCH_PATHS = "$(inherited) @executable_path/Frameworks";
				PRODUCT_BUNDLE_IDENTIFIER = name.Jxb.JxbPickToolDemo;
				PRODUCT_NAME = "$(TARGET_NAME)";
			};
			name = Release;
		};
/* End XCBuildConfiguration section */

/* Begin XCConfigurationList section */
		D00787A21D139233002C13FD /* Build configuration list for PBXProject "JxbPickToolDemo" */ = {
			isa = XCConfigurationList;
			buildConfigurations = (
				D00787BC1D139233002C13FD /* Debug */,
				D00787BD1D139233002C13FD /* Release */,
			);
			defaultConfigurationIsVisible = 0;
			defaultConfigurationName = Release;
		};
		D00787BE1D139233002C13FD /* Build configuration list for PBXNativeTarget "JxbPickToolDemo" */ = {
			isa = XCConfigurationList;
			buildConfigurations = (
				D00787BF1D139233002C13FD /* Debug */,
				D00787C01D139233002C13FD /* Release */,
			);
			defaultConfigurationIsVisible = 0;
		};
/* End XCConfigurationList section */
	};
	rootObject = D007879F1D139233002C13FD /* Project object */;
}
